
Microsoft Visual Studio Solution File, Format Version 12.00
# Visual Studio 14
VisualStudioVersion = 14.0.25420.1
MinimumVisualStudioVersion = 10.0.40219.1
Project("{2150E333-8FDC-42A3-9474-1A3956D46DE8}") = "src", "src", "{9821178D-6AAB-4B69-8816-EDE3FCFC61AB}"
EndProject
Project("{2150E333-8FDC-42A3-9474-1A3956D46DE8}") = "test", "test", "{79AAFADC-1FB3-4D1A-97C0-702B703205D1}"
EndProject
Project("{FAE04EC0-301F-11D3-BF4B-00C04F79EFBC}") = "Common", "src\Common\Common.csproj", "{6C3DF461-2F2C-4AB9-912F-72DE259D311E}"
EndProject
Project("{FAE04EC0-301F-11D3-BF4B-00C04F79EFBC}") = "Common.Test", "test\Common.Test\Common.Test.csproj", "{F3E5778C-7F16-4900-98AB-3686557BBEEE}"
EndProject
Project("{FAE04EC0-301F-11D3-BF4B-00C04F79EFBC}") = "Common.Logger.Log4Net", "src\Common.Logger.Log4Net\Common.Logger.Log4Net.csproj", "{D8786051-5C80-49D3-A8AF-9711DA5CD49E}"
EndProject
Project("{FAE04EC0-301F-11D3-BF4B-00C04F79EFBC}") = "Common.Logger.Log4Net.Test", "test\Common.Logger.Log4Net.Test\Common.Logger.Log4Net.Test.csproj", "{4111A247-4A0C-4C11-924A-A69A85E342D7}"
EndProject
Project("{FAE04EC0-301F-11D3-BF4B-00C04F79EFBC}") = "Common.Serializer.JsonNet", "src\Common.Serializer.JsonNet\Common.Serializer.JsonNet.csproj", "{B57F3331-A875-40D2-8802-21104E28CC32}"
EndProject
Project("{FAE04EC0-301F-11D3-BF4B-00C04F79EFBC}") = "Common.Serializer.JsonNet.Test", "test\Common.Serializer.JsonNet.Test\Common.Serializer.JsonNet.Test.csproj", "{5A69AA59-1B8A-4FCF-A595-4AD76CE321FC}"
EndProject
Project("{2150E333-8FDC-42A3-9474-1A3956D46DE8}") = "NuGet", "NuGet", "{8195F83E-461A-4812-8AAE-2BC2D14461F3}"
EndProject
Project("{2150E333-8FDC-42A3-9474-1A3956D46DE8}") = "Common", "Common", "{C75B2466-5C2C-4859-A57D-45E899B93B01}"
	ProjectSection(SolutionItems) = preProject
		src\NuGet\Common\Common.nuspec = src\NuGet\Common\Common.nuspec
	EndProjectSection
EndProject
Project("{2150E333-8FDC-42A3-9474-1A3956D46DE8}") = "Common.Logger.Log4Net", "Common.Logger.Log4Net", "{44F94B02-54AC-4B37-B8E2-F68A0EC26E0D}"
	ProjectSection(SolutionItems) = preProject
		src\NuGet\Common.Logger.Log4Net\Common.Logger.Log4Net.nuspec = src\NuGet\Common.Logger.Log4Net\Common.Logger.Log4Net.nuspec
	EndProjectSection
EndProject
Project("{2150E333-8FDC-42A3-9474-1A3956D46DE8}") = "Common.Serializer.JsonNet", "Common.Serializer.JsonNet", "{637C4F2B-23FC-4C4C-B002-AA4F16C40711}"
	ProjectSection(SolutionItems) = preProject
		src\NuGet\Common.Serializer.JsonNet\Common.Serializer.JsonNet.nuspec = src\NuGet\Common.Serializer.JsonNet\Common.Serializer.JsonNet.nuspec
	EndProjectSection
EndProject
Global
	GlobalSection(SolutionConfigurationPlatforms) = preSolution
		Debug|Any CPU = Debug|Any CPU
		Release|Any CPU = Release|Any CPU
	EndGlobalSection
	GlobalSection(ProjectConfigurationPlatforms) = postSolution
		{6C3DF461-2F2C-4AB9-912F-72DE259D311E}.Debug|Any CPU.ActiveCfg = Debug|Any CPU
		{6C3DF461-2F2C-4AB9-912F-72DE259D311E}.Debug|Any CPU.Build.0 = Debug|Any CPU
		{6C3DF461-2F2C-4AB9-912F-72DE259D311E}.Release|Any CPU.ActiveCfg = Release|Any CPU
		{6C3DF461-2F2C-4AB9-912F-72DE259D311E}.Release|Any CPU.Build.0 = Release|Any CPU
		{F3E5778C-7F16-4900-98AB-3686557BBEEE}.Debug|Any CPU.ActiveCfg = Debug|Any CPU
		{F3E5778C-7F16-4900-98AB-3686557BBEEE}.Debug|Any CPU.Build.0 = Debug|Any CPU
		{F3E5778C-7F16-4900-98AB-3686557BBEEE}.Release|Any CPU.ActiveCfg = Release|Any CPU
		{F3E5778C-7F16-4900-98AB-3686557BBEEE}.Release|Any CPU.Build.0 = Release|Any CPU
		{D8786051-5C80-49D3-A8AF-9711DA5CD49E}.Debug|Any CPU.ActiveCfg = Debug|Any CPU
		{D8786051-5C80-49D3-A8AF-9711DA5CD49E}.Debug|Any CPU.Build.0 = Debug|Any CPU
		{D8786051-5C80-49D3-A8AF-9711DA5CD49E}.Release|Any CPU.ActiveCfg = Release|Any CPU
		{D8786051-5C80-49D3-A8AF-9711DA5CD49E}.Release|Any CPU.Build.0 = Release|Any CPU
		{4111A247-4A0C-4C11-924A-A69A85E342D7}.Debug|Any CPU.ActiveCfg = Debug|Any CPU
		{4111A247-4A0C-4C11-924A-A69A85E342D7}.Debug|Any CPU.Build.0 = Debug|Any CPU
		{4111A247-4A0C-4C11-924A-A69A85E342D7}.Release|Any CPU.ActiveCfg = Release|Any CPU
		{4111A247-4A0C-4C11-924A-A69A85E342D7}.Release|Any CPU.Build.0 = Release|Any CPU
		{B57F3331-A875-40D2-8802-21104E28CC32}.Debug|Any CPU.ActiveCfg = Debug|Any CPU
		{B57F3331-A875-40D2-8802-21104E28CC32}.Debug|Any CPU.Build.0 = Debug|Any CPU
		{B57F3331-A875-40D2-8802-21104E28CC32}.Release|Any CPU.ActiveCfg = Release|Any CPU
		{B57F3331-A875-40D2-8802-21104E28CC32}.Release|Any CPU.Build.0 = Release|Any CPU
		{5A69AA59-1B8A-4FCF-A595-4AD76CE321FC}.Debug|Any CPU.ActiveCfg = Debug|Any CPU
		{5A69AA59-1B8A-4FCF-A595-4AD76CE321FC}.Debug|Any CPU.Build.0 = Debug|Any CPU
		{5A69AA59-1B8A-4FCF-A595-4AD76CE321FC}.Release|Any CPU.ActiveCfg = Release|Any CPU
		{5A69AA59-1B8A-4FCF-A595-4AD76CE321FC}.Release|Any CPU.Build.0 = Release|Any CPU
	EndGlobalSection
	GlobalSection(SolutionProperties) = preSolution
		HideSolutionNode = FALSE
	EndGlobalSection
	GlobalSection(NestedProjects) = preSolution
		{6C3DF461-2F2C-4AB9-912F-72DE259D311E} = {9821178D-6AAB-4B69-8816-EDE3FCFC61AB}
		{F3E5778C-7F16-4900-98AB-3686557BBEEE} = {79AAFADC-1FB3-4D1A-97C0-702B703205D1}
		{D8786051-5C80-49D3-A8AF-9711DA5CD49E} = {9821178D-6AAB-4B69-8816-EDE3FCFC61AB}
		{4111A247-4A0C-4C11-924A-A69A85E342D7} = {79AAFADC-1FB3-4D1A-97C0-702B703205D1}
		{B57F3331-A875-40D2-8802-21104E28CC32} = {9821178D-6AAB-4B69-8816-EDE3FCFC61AB}
		{5A69AA59-1B8A-4FCF-A595-4AD76CE321FC} = {79AAFADC-1FB3-4D1A-97C0-702B703205D1}
		{8195F83E-461A-4812-8AAE-2BC2D14461F3} = {9821178D-6AAB-4B69-8816-EDE3FCFC61AB}
		{C75B2466-5C2C-4859-A57D-45E899B93B01} = {8195F83E-461A-4812-8AAE-2BC2D14461F3}
		{44F94B02-54AC-4B37-B8E2-F68A0EC26E0D} = {8195F83E-461A-4812-8AAE-2BC2D14461F3}
		{637C4F2B-23FC-4C4C-B002-AA4F16C40711} = {8195F83E-461A-4812-8AAE-2BC2D14461F3}
	EndGlobalSection
EndGlobal
