
Microsoft Visual Studio Solution File, Format Version 12.00
# Visual Studio 14
VisualStudioVersion = 14.0.25420.1
MinimumVisualStudioVersion = 10.0.40219.1
Project("{2150E333-8FDC-42A3-9474-1A3956D46DE8}") = "src", "src", "{9821178D-6AAB-4B69-8816-EDE3FCFC61AB}"
EndProject
Project("{2150E333-8FDC-42A3-9474-1A3956D46DE8}") = "test", "test", "{79AAFADC-1FB3-4D1A-97C0-702B703205D1}"
EndProject
Project("{FAE04EC0-301F-11D3-BF4B-00C04F79EFBC}") = "Common", "src\Common\Common.csproj", "{6C3DF461-2F2C-4AB9-912F-72DE259D311E}"
EndProject
Project("{FAE04EC0-301F-11D3-BF4B-00C04F79EFBC}") = "Common.JsonNet.JsonSerializer", "src\Common.JsonNet.JsonSerializer\Common.JsonNet.JsonSerializer.csproj", "{B57F3331-A875-40D2-8802-21104E28CC32}"
EndProject
Project("{FAE04EC0-301F-11D3-BF4B-00C04F79EFBC}") = "Common.Test", "test\Common.Test\Common.Test.csproj", "{F3E5778C-7F16-4900-98AB-3686557BBEEE}"
EndProject
Project("{FAE04EC0-301F-11D3-BF4B-00C04F79EFBC}") = "Common.JsonNet.JsonSerializer.Test", "test\Common.JsonNet.JsonSerializer.Test\Common.JsonNet.JsonSerializer.Test.csproj", "{5A69AA59-1B8A-4FCF-A595-4AD76CE321FC}"
EndProject
Project("{2150E333-8FDC-42A3-9474-1A3956D46DE8}") = "_nugets", "_nugets", "{54F3D7A8-25F3-45C3-B8F9-F203317434B7}"
EndProject
Project("{FF286327-C783-4F7A-AB73-9BCBAD0D4460}") = "Common.Package", "_nugets\Common.Package\Common.Package.nuproj", "{4B70A6D2-2F1D-4EAA-8FCD-A479F502966A}"
EndProject
Project("{FF286327-C783-4F7A-AB73-9BCBAD0D4460}") = "Common.JsonNet.JsonSerializer.Package", "_nugets\Common.JsonNet.JsonSerializer.Package\Common.JsonNet.JsonSerializer.Package.nuproj", "{0E9ABE4F-40EF-40F1-9785-447D6E8BA012}"
EndProject
Project("{FAE04EC0-301F-11D3-BF4B-00C04F79EFBC}") = "Common.Log4Net.Logger", "src\Common.Log4Net.Logger\Common.Log4Net.Logger.csproj", "{D8786051-5C80-49D3-A8AF-9711DA5CD49E}"
EndProject
Project("{FAE04EC0-301F-11D3-BF4B-00C04F79EFBC}") = "Common.Log4Net.Logger.Test", "test\Common.Log4Net.Logger.Test\Common.Log4Net.Logger.Test.csproj", "{4111A247-4A0C-4C11-924A-A69A85E342D7}"
EndProject
Global
	GlobalSection(SolutionConfigurationPlatforms) = preSolution
		Debug|Any CPU = Debug|Any CPU
		Release|Any CPU = Release|Any CPU
	EndGlobalSection
	GlobalSection(ProjectConfigurationPlatforms) = postSolution
		{6C3DF461-2F2C-4AB9-912F-72DE259D311E}.Debug|Any CPU.ActiveCfg = Debug|Any CPU
		{6C3DF461-2F2C-4AB9-912F-72DE259D311E}.Debug|Any CPU.Build.0 = Debug|Any CPU
		{6C3DF461-2F2C-4AB9-912F-72DE259D311E}.Release|Any CPU.ActiveCfg = Release|Any CPU
		{6C3DF461-2F2C-4AB9-912F-72DE259D311E}.Release|Any CPU.Build.0 = Release|Any CPU
		{B57F3331-A875-40D2-8802-21104E28CC32}.Debug|Any CPU.ActiveCfg = Debug|Any CPU
		{B57F3331-A875-40D2-8802-21104E28CC32}.Debug|Any CPU.Build.0 = Debug|Any CPU
		{B57F3331-A875-40D2-8802-21104E28CC32}.Release|Any CPU.ActiveCfg = Release|Any CPU
		{B57F3331-A875-40D2-8802-21104E28CC32}.Release|Any CPU.Build.0 = Release|Any CPU
		{F3E5778C-7F16-4900-98AB-3686557BBEEE}.Debug|Any CPU.ActiveCfg = Debug|Any CPU
		{F3E5778C-7F16-4900-98AB-3686557BBEEE}.Debug|Any CPU.Build.0 = Debug|Any CPU
		{F3E5778C-7F16-4900-98AB-3686557BBEEE}.Release|Any CPU.ActiveCfg = Release|Any CPU
		{F3E5778C-7F16-4900-98AB-3686557BBEEE}.Release|Any CPU.Build.0 = Release|Any CPU
		{5A69AA59-1B8A-4FCF-A595-4AD76CE321FC}.Debug|Any CPU.ActiveCfg = Debug|Any CPU
		{5A69AA59-1B8A-4FCF-A595-4AD76CE321FC}.Debug|Any CPU.Build.0 = Debug|Any CPU
		{5A69AA59-1B8A-4FCF-A595-4AD76CE321FC}.Release|Any CPU.ActiveCfg = Release|Any CPU
		{5A69AA59-1B8A-4FCF-A595-4AD76CE321FC}.Release|Any CPU.Build.0 = Release|Any CPU
		{4B70A6D2-2F1D-4EAA-8FCD-A479F502966A}.Debug|Any CPU.ActiveCfg = Debug|Any CPU
		{4B70A6D2-2F1D-4EAA-8FCD-A479F502966A}.Debug|Any CPU.Build.0 = Debug|Any CPU
		{4B70A6D2-2F1D-4EAA-8FCD-A479F502966A}.Release|Any CPU.ActiveCfg = Release|Any CPU
		{4B70A6D2-2F1D-4EAA-8FCD-A479F502966A}.Release|Any CPU.Build.0 = Release|Any CPU
		{0E9ABE4F-40EF-40F1-9785-447D6E8BA012}.Debug|Any CPU.ActiveCfg = Debug|Any CPU
		{0E9ABE4F-40EF-40F1-9785-447D6E8BA012}.Debug|Any CPU.Build.0 = Debug|Any CPU
		{0E9ABE4F-40EF-40F1-9785-447D6E8BA012}.Release|Any CPU.ActiveCfg = Release|Any CPU
		{0E9ABE4F-40EF-40F1-9785-447D6E8BA012}.Release|Any CPU.Build.0 = Release|Any CPU
		{D8786051-5C80-49D3-A8AF-9711DA5CD49E}.Debug|Any CPU.ActiveCfg = Debug|Any CPU
		{D8786051-5C80-49D3-A8AF-9711DA5CD49E}.Debug|Any CPU.Build.0 = Debug|Any CPU
		{D8786051-5C80-49D3-A8AF-9711DA5CD49E}.Release|Any CPU.ActiveCfg = Release|Any CPU
		{D8786051-5C80-49D3-A8AF-9711DA5CD49E}.Release|Any CPU.Build.0 = Release|Any CPU
		{4111A247-4A0C-4C11-924A-A69A85E342D7}.Debug|Any CPU.ActiveCfg = Debug|Any CPU
		{4111A247-4A0C-4C11-924A-A69A85E342D7}.Debug|Any CPU.Build.0 = Debug|Any CPU
		{4111A247-4A0C-4C11-924A-A69A85E342D7}.Release|Any CPU.ActiveCfg = Release|Any CPU
		{4111A247-4A0C-4C11-924A-A69A85E342D7}.Release|Any CPU.Build.0 = Release|Any CPU
	EndGlobalSection
	GlobalSection(SolutionProperties) = preSolution
		HideSolutionNode = FALSE
	EndGlobalSection
	GlobalSection(NestedProjects) = preSolution
		{6C3DF461-2F2C-4AB9-912F-72DE259D311E} = {9821178D-6AAB-4B69-8816-EDE3FCFC61AB}
		{B57F3331-A875-40D2-8802-21104E28CC32} = {9821178D-6AAB-4B69-8816-EDE3FCFC61AB}
		{F3E5778C-7F16-4900-98AB-3686557BBEEE} = {79AAFADC-1FB3-4D1A-97C0-702B703205D1}
		{5A69AA59-1B8A-4FCF-A595-4AD76CE321FC} = {79AAFADC-1FB3-4D1A-97C0-702B703205D1}
		{4B70A6D2-2F1D-4EAA-8FCD-A479F502966A} = {54F3D7A8-25F3-45C3-B8F9-F203317434B7}
		{0E9ABE4F-40EF-40F1-9785-447D6E8BA012} = {54F3D7A8-25F3-45C3-B8F9-F203317434B7}
		{D8786051-5C80-49D3-A8AF-9711DA5CD49E} = {9821178D-6AAB-4B69-8816-EDE3FCFC61AB}
		{4111A247-4A0C-4C11-924A-A69A85E342D7} = {79AAFADC-1FB3-4D1A-97C0-702B703205D1}
	EndGlobalSection
EndGlobal
